
Microsoft Visual Studio Solution File, Format Version 12.00
# Visual Studio Version 17
VisualStudioVersion = 17.9.34902.65
MinimumVisualStudioVersion = 10.0.40219.1
Project("{FAE04EC0-301F-11D3-BF4B-00C04F79EFBC}") = "JustPingPong", "JustPingPong\JustPingPong.csproj", "{2D9E93E5-411C-4145-A6A2-910496F8BBD9}"
EndProject
Global
	GlobalSection(SolutionConfigurationPlatforms) = preSolution
		Debug|Any CPU = Debug|Any CPU
		Release|Any CPU = Release|Any CPU
	EndGlobalSection
	GlobalSection(ProjectConfigurationPlatforms) = postSolution
		{2D9E93E5-411C-4145-A6A2-910496F8BBD9}.Debug|Any CPU.ActiveCfg = Debug|Any CPU
		{2D9E93E5-411C-4145-A6A2-910496F8BBD9}.Debug|Any CPU.Build.0 = Debug|Any CPU
		{2D9E93E5-411C-4145-A6A2-910496F8BBD9}.Release|Any CPU.ActiveCfg = Release|Any CPU
		{2D9E93E5-411C-4145-A6A2-910496F8BBD9}.Release|Any CPU.Build.0 = Release|Any CPU
	EndGlobalSection
	GlobalSection(SolutionProperties) = preSolution
		HideSolutionNode = FALSE
	EndGlobalSection
	GlobalSection(ExtensibilityGlobals) = postSolution
		SolutionGuid = {E7322DAA-3C21-4028-831D-54D82B2C10C3}
	EndGlobalSection
EndGlobal
